
Microsoft Visual Studio Solution File, Format Version 12.00
# Visual Studio Version 16
VisualStudioVersion = 16.0.29326.143
MinimumVisualStudioVersion = 10.0.40219.1
Project("{9A19103F-16F7-4668-BE54-9A1E7A4F7556}") = "IoTTest", "IoTTest\IoTTest.csproj", "{437FFC88-7F37-4497-B896-C00A91308191}"
EndProject
Project("{9A19103F-16F7-4668-BE54-9A1E7A4F7556}") = "SerialTest", "SerialTest\SerialTest.csproj", "{7B1334F3-B429-4DA6-A07B-EBB812937B8E}"
EndProject
Project("{9A19103F-16F7-4668-BE54-9A1E7A4F7556}") = "GpioTest", "GPIOTest\GpioTest.csproj", "{AECA7E7C-D3BB-4B69-B264-0280B333A755}"
EndProject
Project("{9A19103F-16F7-4668-BE54-9A1E7A4F7556}") = "I2cTest", "I2cTest\I2cTest.csproj", "{3B24A0DD-D072-4304-BB87-1F362BB72E9B}"
EndProject
Project("{9A19103F-16F7-4668-BE54-9A1E7A4F7556}") = "PwmTest", "PwmTest\PwmTest.csproj", "{5ED78112-8729-4587-B7F3-636FC9632C8E}"
EndProject
Project("{FAE04EC0-301F-11D3-BF4B-00C04F79EFBC}") = "NetTest", "NetTest\NetTest.csproj", "{995CD467-4894-4C25-A83C-25BFA09B39EB}"
EndProject
Global
	GlobalSection(SolutionConfigurationPlatforms) = preSolution
		Debug|Any CPU = Debug|Any CPU
		Debug|ARM = Debug|ARM
		Debug|ARM64 = Debug|ARM64
		Release|Any CPU = Release|Any CPU
		Release|ARM = Release|ARM
		Release|ARM64 = Release|ARM64
	EndGlobalSection
	GlobalSection(ProjectConfigurationPlatforms) = postSolution
		{437FFC88-7F37-4497-B896-C00A91308191}.Debug|Any CPU.ActiveCfg = Debug|Any CPU
		{437FFC88-7F37-4497-B896-C00A91308191}.Debug|Any CPU.Build.0 = Debug|Any CPU
		{437FFC88-7F37-4497-B896-C00A91308191}.Debug|ARM.ActiveCfg = Debug|Any CPU
		{437FFC88-7F37-4497-B896-C00A91308191}.Debug|ARM.Build.0 = Debug|Any CPU
		{437FFC88-7F37-4497-B896-C00A91308191}.Debug|ARM64.ActiveCfg = Debug|Any CPU
		{437FFC88-7F37-4497-B896-C00A91308191}.Debug|ARM64.Build.0 = Debug|Any CPU
		{437FFC88-7F37-4497-B896-C00A91308191}.Release|Any CPU.ActiveCfg = Release|Any CPU
		{437FFC88-7F37-4497-B896-C00A91308191}.Release|Any CPU.Build.0 = Release|Any CPU
		{437FFC88-7F37-4497-B896-C00A91308191}.Release|ARM.ActiveCfg = Release|Any CPU
		{437FFC88-7F37-4497-B896-C00A91308191}.Release|ARM.Build.0 = Release|Any CPU
		{437FFC88-7F37-4497-B896-C00A91308191}.Release|ARM64.ActiveCfg = Release|Any CPU
		{437FFC88-7F37-4497-B896-C00A91308191}.Release|ARM64.Build.0 = Release|Any CPU
		{7B1334F3-B429-4DA6-A07B-EBB812937B8E}.Debug|Any CPU.ActiveCfg = Debug|Any CPU
		{7B1334F3-B429-4DA6-A07B-EBB812937B8E}.Debug|Any CPU.Build.0 = Debug|Any CPU
		{7B1334F3-B429-4DA6-A07B-EBB812937B8E}.Debug|ARM.ActiveCfg = Debug|Any CPU
		{7B1334F3-B429-4DA6-A07B-EBB812937B8E}.Debug|ARM.Build.0 = Debug|Any CPU
		{7B1334F3-B429-4DA6-A07B-EBB812937B8E}.Debug|ARM64.ActiveCfg = Debug|Any CPU
		{7B1334F3-B429-4DA6-A07B-EBB812937B8E}.Debug|ARM64.Build.0 = Debug|Any CPU
		{7B1334F3-B429-4DA6-A07B-EBB812937B8E}.Release|Any CPU.ActiveCfg = Release|Any CPU
		{7B1334F3-B429-4DA6-A07B-EBB812937B8E}.Release|Any CPU.Build.0 = Release|Any CPU
		{7B1334F3-B429-4DA6-A07B-EBB812937B8E}.Release|ARM.ActiveCfg = Release|Any CPU
		{7B1334F3-B429-4DA6-A07B-EBB812937B8E}.Release|ARM.Build.0 = Release|Any CPU
		{7B1334F3-B429-4DA6-A07B-EBB812937B8E}.Release|ARM64.ActiveCfg = Release|Any CPU
		{7B1334F3-B429-4DA6-A07B-EBB812937B8E}.Release|ARM64.Build.0 = Release|Any CPU
		{AECA7E7C-D3BB-4B69-B264-0280B333A755}.Debug|Any CPU.ActiveCfg = Debug|Any CPU
		{AECA7E7C-D3BB-4B69-B264-0280B333A755}.Debug|Any CPU.Build.0 = Debug|Any CPU
		{AECA7E7C-D3BB-4B69-B264-0280B333A755}.Debug|ARM.ActiveCfg = Debug|Any CPU
		{AECA7E7C-D3BB-4B69-B264-0280B333A755}.Debug|ARM.Build.0 = Debug|Any CPU
		{AECA7E7C-D3BB-4B69-B264-0280B333A755}.Debug|ARM64.ActiveCfg = Debug|Any CPU
		{AECA7E7C-D3BB-4B69-B264-0280B333A755}.Debug|ARM64.Build.0 = Debug|Any CPU
		{AECA7E7C-D3BB-4B69-B264-0280B333A755}.Release|Any CPU.ActiveCfg = Release|Any CPU
		{AECA7E7C-D3BB-4B69-B264-0280B333A755}.Release|Any CPU.Build.0 = Release|Any CPU
		{AECA7E7C-D3BB-4B69-B264-0280B333A755}.Release|ARM.ActiveCfg = Release|Any CPU
		{AECA7E7C-D3BB-4B69-B264-0280B333A755}.Release|ARM.Build.0 = Release|Any CPU
		{AECA7E7C-D3BB-4B69-B264-0280B333A755}.Release|ARM64.ActiveCfg = Release|Any CPU
		{AECA7E7C-D3BB-4B69-B264-0280B333A755}.Release|ARM64.Build.0 = Release|Any CPU
		{3B24A0DD-D072-4304-BB87-1F362BB72E9B}.Debug|Any CPU.ActiveCfg = Debug|Any CPU
		{3B24A0DD-D072-4304-BB87-1F362BB72E9B}.Debug|Any CPU.Build.0 = Debug|Any CPU
		{3B24A0DD-D072-4304-BB87-1F362BB72E9B}.Debug|ARM.ActiveCfg = Debug|Any CPU
		{3B24A0DD-D072-4304-BB87-1F362BB72E9B}.Debug|ARM.Build.0 = Debug|Any CPU
		{3B24A0DD-D072-4304-BB87-1F362BB72E9B}.Debug|ARM64.ActiveCfg = Debug|Any CPU
		{3B24A0DD-D072-4304-BB87-1F362BB72E9B}.Debug|ARM64.Build.0 = Debug|Any CPU
		{3B24A0DD-D072-4304-BB87-1F362BB72E9B}.Release|Any CPU.ActiveCfg = Release|Any CPU
		{3B24A0DD-D072-4304-BB87-1F362BB72E9B}.Release|Any CPU.Build.0 = Release|Any CPU
		{3B24A0DD-D072-4304-BB87-1F362BB72E9B}.Release|ARM.ActiveCfg = Release|Any CPU
		{3B24A0DD-D072-4304-BB87-1F362BB72E9B}.Release|ARM.Build.0 = Release|Any CPU
		{3B24A0DD-D072-4304-BB87-1F362BB72E9B}.Release|ARM64.ActiveCfg = Release|Any CPU
		{3B24A0DD-D072-4304-BB87-1F362BB72E9B}.Release|ARM64.Build.0 = Release|Any CPU
		{5ED78112-8729-4587-B7F3-636FC9632C8E}.Debug|Any CPU.ActiveCfg = Debug|Any CPU
		{5ED78112-8729-4587-B7F3-636FC9632C8E}.Debug|Any CPU.Build.0 = Debug|Any CPU
		{5ED78112-8729-4587-B7F3-636FC9632C8E}.Debug|ARM.ActiveCfg = Debug|Any CPU
		{5ED78112-8729-4587-B7F3-636FC9632C8E}.Debug|ARM.Build.0 = Debug|Any CPU
		{5ED78112-8729-4587-B7F3-636FC9632C8E}.Debug|ARM64.ActiveCfg = Debug|Any CPU
		{5ED78112-8729-4587-B7F3-636FC9632C8E}.Debug|ARM64.Build.0 = Debug|Any CPU
		{5ED78112-8729-4587-B7F3-636FC9632C8E}.Release|Any CPU.ActiveCfg = Release|Any CPU
		{5ED78112-8729-4587-B7F3-636FC9632C8E}.Release|Any CPU.Build.0 = Release|Any CPU
		{5ED78112-8729-4587-B7F3-636FC9632C8E}.Release|ARM.ActiveCfg = Release|Any CPU
		{5ED78112-8729-4587-B7F3-636FC9632C8E}.Release|ARM.Build.0 = Release|Any CPU
		{5ED78112-8729-4587-B7F3-636FC9632C8E}.Release|ARM64.ActiveCfg = Release|Any CPU
		{5ED78112-8729-4587-B7F3-636FC9632C8E}.Release|ARM64.Build.0 = Release|Any CPU
		{995CD467-4894-4C25-A83C-25BFA09B39EB}.Debug|Any CPU.ActiveCfg = Debug|Any CPU
		{995CD467-4894-4C25-A83C-25BFA09B39EB}.Debug|Any CPU.Build.0 = Debug|Any CPU
		{995CD467-4894-4C25-A83C-25BFA09B39EB}.Debug|ARM.ActiveCfg = Debug|Any CPU
		{995CD467-4894-4C25-A83C-25BFA09B39EB}.Debug|ARM.Build.0 = Debug|Any CPU
		{995CD467-4894-4C25-A83C-25BFA09B39EB}.Debug|ARM64.ActiveCfg = Debug|Any CPU
		{995CD467-4894-4C25-A83C-25BFA09B39EB}.Debug|ARM64.Build.0 = Debug|Any CPU
		{995CD467-4894-4C25-A83C-25BFA09B39EB}.Release|Any CPU.ActiveCfg = Release|Any CPU
		{995CD467-4894-4C25-A83C-25BFA09B39EB}.Release|Any CPU.Build.0 = Release|Any CPU
		{995CD467-4894-4C25-A83C-25BFA09B39EB}.Release|ARM.ActiveCfg = Release|Any CPU
		{995CD467-4894-4C25-A83C-25BFA09B39EB}.Release|ARM.Build.0 = Release|Any CPU
		{995CD467-4894-4C25-A83C-25BFA09B39EB}.Release|ARM64.ActiveCfg = Release|Any CPU
		{995CD467-4894-4C25-A83C-25BFA09B39EB}.Release|ARM64.Build.0 = Release|Any CPU
	EndGlobalSection
	GlobalSection(SolutionProperties) = preSolution
		HideSolutionNode = FALSE
	EndGlobalSection
	GlobalSection(ExtensibilityGlobals) = postSolution
		SolutionGuid = {78A49880-8862-4AAD-931F-93FAEFB7A2A6}
	EndGlobalSection
EndGlobal
